
Microsoft Visual Studio Solution File, Format Version 12.00
# Visual Studio 2012
Project("{FAE04EC0-301F-11D3-BF4B-00C04F79EFBC}") = "FanucSite.Web", "FanucSite.Web\FanucSite.Web.csproj", "{AEF601DC-A6C7-42B9-B108-AD4D465363A9}"
EndProject
Project("{FAE04EC0-301F-11D3-BF4B-00C04F79EFBC}") = "FanucSite.Models", "FanucSite.Models\FanucSite.Models.csproj", "{63905A14-6467-4D56-8750-B998C90B126E}"
EndProject
Project("{FAE04EC0-301F-11D3-BF4B-00C04F79EFBC}") = "FanucSite.DAL", "FanucSite.DAL\FanucSite.DAL.csproj", "{3535BBFA-EA07-4FEF-99FE-702C8A0B3CAA}"
EndProject
Project("{FAE04EC0-301F-11D3-BF4B-00C04F79EFBC}") = "FanucSite.BLL", "FanucSite.BLL\FanucSite.BLL.csproj", "{9407F4EF-5267-490A-B34E-645A83E070F7}"
EndProject
Project("{FAE04EC0-301F-11D3-BF4B-00C04F79EFBC}") = "Library", "Library\Library.csproj", "{89B859BB-8E27-485F-944B-F2DDAFDA2D4A}"
EndProject
Project("{FAE04EC0-301F-11D3-BF4B-00C04F79EFBC}") = "Common", "Common\Common.csproj", "{9DB210CA-CB05-4075-9B6F-20C0F4C8D85D}"
EndProject
Project("{2150E333-8FDC-42A3-9474-1A3956D46DE8}") = "Study", "Study", "{B4F240B4-AA2C-42BE-BB34-711BCCD5E383}"
EndProject
Project("{FAE04EC0-301F-11D3-BF4B-00C04F79EFBC}") = "DelegateStudy", "DelegateStudy\DelegateStudy.csproj", "{CADBFB8A-B171-4094-84D9-E7F1F45C6EA1}"
EndProject
Project("{2150E333-8FDC-42A3-9474-1A3956D46DE8}") = "spider", "spider", "{8963935A-3F67-446B-8111-5C7D65CCCF05}"
EndProject
Project("{FAE04EC0-301F-11D3-BF4B-00C04F79EFBC}") = "SiteList", "SiteList\SiteList.csproj", "{B4C072EB-CFE3-4F6C-9EF9-CC1904A9D661}"
EndProject
Project("{2150E333-8FDC-42A3-9474-1A3956D46DE8}") = "Utility", "Utility", "{F48BC239-F14D-4433-9D8A-A4E1343FC60D}"
EndProject
Project("{FAE04EC0-301F-11D3-BF4B-00C04F79EFBC}") = "UrlCode", "UrlCode\UrlCode.csproj", "{41A04DD6-FB2E-4D46-B7C5-DAF0810A5CF3}"
EndProject
Project("{FAE04EC0-301F-11D3-BF4B-00C04F79EFBC}") = "test", "test\test.csproj", "{B4B359CF-4019-4080-B02B-E2A20E76D9F4}"
EndProject
Project("{FAE04EC0-301F-11D3-BF4B-00C04F79EFBC}") = "xianchengchi", "xianchengchi\xianchengchi.csproj", "{0C3A5573-DCDD-495F-9937-AF9A4C8EEC0A}"
EndProject
Project("{FAE04EC0-301F-11D3-BF4B-00C04F79EFBC}") = "suanfa", "suanfa\suanfa.csproj", "{BD65DC3F-6C08-42FB-8069-F8C384E0E861}"
EndProject
Project("{FAE04EC0-301F-11D3-BF4B-00C04F79EFBC}") = "DataHelper", "DataHelper\DataHelper.csproj", "{62128C10-7432-420D-A1E0-365432506EF8}"
EndProject
Project("{FAE04EC0-301F-11D3-BF4B-00C04F79EFBC}") = "maipiao", "maipiao\maipiao.csproj", "{8D3C46CC-2661-418C-B9E6-C3DA3916C277}"
EndProject
Project("{FAE04EC0-301F-11D3-BF4B-00C04F79EFBC}") = "testsasdf", "testsasdf\testsasdf.csproj", "{14DFA503-E07F-4E53-B558-2852286FB786}"
EndProject
Global
	GlobalSection(SolutionConfigurationPlatforms) = preSolution
		Debug|Any CPU = Debug|Any CPU
		Release|Any CPU = Release|Any CPU
	EndGlobalSection
	GlobalSection(ProjectConfigurationPlatforms) = postSolution
		{AEF601DC-A6C7-42B9-B108-AD4D465363A9}.Debug|Any CPU.ActiveCfg = Debug|Any CPU
		{AEF601DC-A6C7-42B9-B108-AD4D465363A9}.Debug|Any CPU.Build.0 = Debug|Any CPU
		{AEF601DC-A6C7-42B9-B108-AD4D465363A9}.Release|Any CPU.ActiveCfg = Release|Any CPU
		{AEF601DC-A6C7-42B9-B108-AD4D465363A9}.Release|Any CPU.Build.0 = Release|Any CPU
		{63905A14-6467-4D56-8750-B998C90B126E}.Debug|Any CPU.ActiveCfg = Debug|Any CPU
		{63905A14-6467-4D56-8750-B998C90B126E}.Debug|Any CPU.Build.0 = Debug|Any CPU
		{63905A14-6467-4D56-8750-B998C90B126E}.Release|Any CPU.ActiveCfg = Release|Any CPU
		{63905A14-6467-4D56-8750-B998C90B126E}.Release|Any CPU.Build.0 = Release|Any CPU
		{3535BBFA-EA07-4FEF-99FE-702C8A0B3CAA}.Debug|Any CPU.ActiveCfg = Debug|Any CPU
		{3535BBFA-EA07-4FEF-99FE-702C8A0B3CAA}.Debug|Any CPU.Build.0 = Debug|Any CPU
		{3535BBFA-EA07-4FEF-99FE-702C8A0B3CAA}.Release|Any CPU.ActiveCfg = Release|Any CPU
		{3535BBFA-EA07-4FEF-99FE-702C8A0B3CAA}.Release|Any CPU.Build.0 = Release|Any CPU
		{9407F4EF-5267-490A-B34E-645A83E070F7}.Debug|Any CPU.ActiveCfg = Debug|Any CPU
		{9407F4EF-5267-490A-B34E-645A83E070F7}.Debug|Any CPU.Build.0 = Debug|Any CPU
		{9407F4EF-5267-490A-B34E-645A83E070F7}.Release|Any CPU.ActiveCfg = Release|Any CPU
		{9407F4EF-5267-490A-B34E-645A83E070F7}.Release|Any CPU.Build.0 = Release|Any CPU
		{89B859BB-8E27-485F-944B-F2DDAFDA2D4A}.Debug|Any CPU.ActiveCfg = Debug|Any CPU
		{89B859BB-8E27-485F-944B-F2DDAFDA2D4A}.Debug|Any CPU.Build.0 = Debug|Any CPU
		{89B859BB-8E27-485F-944B-F2DDAFDA2D4A}.Release|Any CPU.ActiveCfg = Release|Any CPU
		{89B859BB-8E27-485F-944B-F2DDAFDA2D4A}.Release|Any CPU.Build.0 = Release|Any CPU
		{9DB210CA-CB05-4075-9B6F-20C0F4C8D85D}.Debug|Any CPU.ActiveCfg = Debug|Any CPU
		{9DB210CA-CB05-4075-9B6F-20C0F4C8D85D}.Debug|Any CPU.Build.0 = Debug|Any CPU
		{9DB210CA-CB05-4075-9B6F-20C0F4C8D85D}.Release|Any CPU.ActiveCfg = Release|Any CPU
		{9DB210CA-CB05-4075-9B6F-20C0F4C8D85D}.Release|Any CPU.Build.0 = Release|Any CPU
		{CADBFB8A-B171-4094-84D9-E7F1F45C6EA1}.Debug|Any CPU.ActiveCfg = Debug|Any CPU
		{CADBFB8A-B171-4094-84D9-E7F1F45C6EA1}.Debug|Any CPU.Build.0 = Debug|Any CPU
		{CADBFB8A-B171-4094-84D9-E7F1F45C6EA1}.Release|Any CPU.ActiveCfg = Release|Any CPU
		{CADBFB8A-B171-4094-84D9-E7F1F45C6EA1}.Release|Any CPU.Build.0 = Release|Any CPU
		{B4C072EB-CFE3-4F6C-9EF9-CC1904A9D661}.Debug|Any CPU.ActiveCfg = Debug|Any CPU
		{B4C072EB-CFE3-4F6C-9EF9-CC1904A9D661}.Debug|Any CPU.Build.0 = Debug|Any CPU
		{B4C072EB-CFE3-4F6C-9EF9-CC1904A9D661}.Release|Any CPU.ActiveCfg = Release|Any CPU
		{B4C072EB-CFE3-4F6C-9EF9-CC1904A9D661}.Release|Any CPU.Build.0 = Release|Any CPU
		{41A04DD6-FB2E-4D46-B7C5-DAF0810A5CF3}.Debug|Any CPU.ActiveCfg = Debug|Any CPU
		{41A04DD6-FB2E-4D46-B7C5-DAF0810A5CF3}.Debug|Any CPU.Build.0 = Debug|Any CPU
		{41A04DD6-FB2E-4D46-B7C5-DAF0810A5CF3}.Release|Any CPU.ActiveCfg = Release|Any CPU
		{41A04DD6-FB2E-4D46-B7C5-DAF0810A5CF3}.Release|Any CPU.Build.0 = Release|Any CPU
		{B4B359CF-4019-4080-B02B-E2A20E76D9F4}.Debug|Any CPU.ActiveCfg = Debug|Any CPU
		{B4B359CF-4019-4080-B02B-E2A20E76D9F4}.Debug|Any CPU.Build.0 = Debug|Any CPU
		{B4B359CF-4019-4080-B02B-E2A20E76D9F4}.Release|Any CPU.ActiveCfg = Release|Any CPU
		{B4B359CF-4019-4080-B02B-E2A20E76D9F4}.Release|Any CPU.Build.0 = Release|Any CPU
		{0C3A5573-DCDD-495F-9937-AF9A4C8EEC0A}.Debug|Any CPU.ActiveCfg = Debug|Any CPU
		{0C3A5573-DCDD-495F-9937-AF9A4C8EEC0A}.Debug|Any CPU.Build.0 = Debug|Any CPU
		{0C3A5573-DCDD-495F-9937-AF9A4C8EEC0A}.Release|Any CPU.ActiveCfg = Release|Any CPU
		{0C3A5573-DCDD-495F-9937-AF9A4C8EEC0A}.Release|Any CPU.Build.0 = Release|Any CPU
		{BD65DC3F-6C08-42FB-8069-F8C384E0E861}.Debug|Any CPU.ActiveCfg = Debug|Any CPU
		{BD65DC3F-6C08-42FB-8069-F8C384E0E861}.Debug|Any CPU.Build.0 = Debug|Any CPU
		{BD65DC3F-6C08-42FB-8069-F8C384E0E861}.Release|Any CPU.ActiveCfg = Release|Any CPU
		{BD65DC3F-6C08-42FB-8069-F8C384E0E861}.Release|Any CPU.Build.0 = Release|Any CPU
		{62128C10-7432-420D-A1E0-365432506EF8}.Debug|Any CPU.ActiveCfg = Debug|Any CPU
		{62128C10-7432-420D-A1E0-365432506EF8}.Debug|Any CPU.Build.0 = Debug|Any CPU
		{62128C10-7432-420D-A1E0-365432506EF8}.Release|Any CPU.ActiveCfg = Release|Any CPU
		{62128C10-7432-420D-A1E0-365432506EF8}.Release|Any CPU.Build.0 = Release|Any CPU
		{8D3C46CC-2661-418C-B9E6-C3DA3916C277}.Debug|Any CPU.ActiveCfg = Debug|Any CPU
		{8D3C46CC-2661-418C-B9E6-C3DA3916C277}.Debug|Any CPU.Build.0 = Debug|Any CPU
		{8D3C46CC-2661-418C-B9E6-C3DA3916C277}.Release|Any CPU.ActiveCfg = Release|Any CPU
		{8D3C46CC-2661-418C-B9E6-C3DA3916C277}.Release|Any CPU.Build.0 = Release|Any CPU
		{14DFA503-E07F-4E53-B558-2852286FB786}.Debug|Any CPU.ActiveCfg = Debug|Any CPU
		{14DFA503-E07F-4E53-B558-2852286FB786}.Debug|Any CPU.Build.0 = Debug|Any CPU
		{14DFA503-E07F-4E53-B558-2852286FB786}.Release|Any CPU.ActiveCfg = Release|Any CPU
		{14DFA503-E07F-4E53-B558-2852286FB786}.Release|Any CPU.Build.0 = Release|Any CPU
	EndGlobalSection
	GlobalSection(SolutionProperties) = preSolution
		HideSolutionNode = FALSE
	EndGlobalSection
	GlobalSection(NestedProjects) = preSolution
		{CADBFB8A-B171-4094-84D9-E7F1F45C6EA1} = {B4F240B4-AA2C-42BE-BB34-711BCCD5E383}
		{B4C072EB-CFE3-4F6C-9EF9-CC1904A9D661} = {8963935A-3F67-446B-8111-5C7D65CCCF05}
		{B4B359CF-4019-4080-B02B-E2A20E76D9F4} = {8963935A-3F67-446B-8111-5C7D65CCCF05}
		{0C3A5573-DCDD-495F-9937-AF9A4C8EEC0A} = {8963935A-3F67-446B-8111-5C7D65CCCF05}
		{BD65DC3F-6C08-42FB-8069-F8C384E0E861} = {8963935A-3F67-446B-8111-5C7D65CCCF05}
		{62128C10-7432-420D-A1E0-365432506EF8} = {8963935A-3F67-446B-8111-5C7D65CCCF05}
		{8D3C46CC-2661-418C-B9E6-C3DA3916C277} = {8963935A-3F67-446B-8111-5C7D65CCCF05}
		{41A04DD6-FB2E-4D46-B7C5-DAF0810A5CF3} = {F48BC239-F14D-4433-9D8A-A4E1343FC60D}
	EndGlobalSection
EndGlobal
